
Microsoft Visual Studio Solution File, Format Version 12.00
# Visual Studio Version 17
VisualStudioVersion = 17.14.36518.9
MinimumVisualStudioVersion = 10.0.40219.1
Project("{2150E333-8FDC-42A3-9474-1A3956D46DE8}") = "Task0", "Task0", "{02EA681E-C7D8-13C7-8484-4AC65E1B71E8}"
EndProject
Project("{FAE04EC0-301F-11D3-BF4B-00C04F79EFBC}") = "Tyuiu.Kucherenkonm.Sprint5.Task0.V29", "Tyuiu.Kucherenkonm.Sprint5.Task0.V29\Tyuiu.Kucherenkonm.Sprint5.Task0.V29.csproj", "{C79AD330-F864-4BEA-8845-D0021E5D65F1}"
EndProject
Project("{FAE04EC0-301F-11D3-BF4B-00C04F79EFBC}") = "Tyuiu.Kucherenkonm.Sprint5.Task0.V29.Test", "Tyuiu.Kucherenkonm.Sprint5.Task0.V29.Test\Tyuiu.Kucherenkonm.Sprint5.Task0.V29.Test.csproj", "{22DCE8C0-9D79-4001-9B3D-0CD65034D24E}"
EndProject
Project("{FAE04EC0-301F-11D3-BF4B-00C04F79EFBC}") = "Tyuiu.Kucherenkonm.Sprint5.Task0.V29.Lib", "Tyuiu.Kucherenkonm.Sprint5.Task0.V29.Lib\Tyuiu.Kucherenkonm.Sprint5.Task0.V29.Lib.csproj", "{DD3A9AA9-DD1B-4CE4-8514-A8DA32D5F806}"
EndProject
Project("{2150E333-8FDC-42A3-9474-1A3956D46DE8}") = "Task1", "Task1", "{C6F6BD90-AA63-486F-8EDA-3CC8EC3F856A}"
EndProject
Project("{FAE04EC0-301F-11D3-BF4B-00C04F79EFBC}") = "Tyuiu.Kucherenkonm.Sprint5.Task1.V15", "Tyuiu.Kucherenkonm.Sprint5.Task1.V15\Tyuiu.Kucherenkonm.Sprint5.Task1.V15.csproj", "{BCDFFEF7-07B2-4333-BAC6-747A79ADC866}"
EndProject
Project("{FAE04EC0-301F-11D3-BF4B-00C04F79EFBC}") = "Tyuiu.Kucherenkonm.Sprint5.Task1.V15.Lib", "Tyuiu.Kucherenkonm.Sprint5.Task1.V15.Lib\Tyuiu.Kucherenkonm.Sprint5.Task1.V15.Lib.csproj", "{C43574BB-6360-44A3-B8DF-2A1F6AC103D7}"
EndProject
Project("{FAE04EC0-301F-11D3-BF4B-00C04F79EFBC}") = "Tyuiu.Kucherenkonm.Sprint5.Task1.V15.Test", "Tyuiu.Kucherenkonm.Sprint5.Task1.V15.Test\Tyuiu.Kucherenkonm.Sprint5.Task1.V15.Test.csproj", "{79337926-AA7F-416B-A00B-9E659658B185}"
EndProject
Project("{2150E333-8FDC-42A3-9474-1A3956D46DE8}") = "Task2", "Task2", "{0F38B2D1-9CEA-4C14-B252-5A5750C4FDB9}"
EndProject
Project("{FAE04EC0-301F-11D3-BF4B-00C04F79EFBC}") = "Tyuiu.Kucherenkonm.Sprint5.Task2.V14", "Tyuiu.Kucherenkonm.Sprint5.Task2.V14\Tyuiu.Kucherenkonm.Sprint5.Task2.V14.csproj", "{F8EDF4C5-786C-400A-97B5-A46ADF5B7000}"
EndProject
Project("{FAE04EC0-301F-11D3-BF4B-00C04F79EFBC}") = "Tyuiu.Kucherenkonm.Sprint5.Task2.V14.Test", "Tyuiu.Kucherenkonm.Sprint5.Task2.V14.Test\Tyuiu.Kucherenkonm.Sprint5.Task2.V14.Test.csproj", "{D92B4BA5-366A-435E-909F-9C045FF09CB8}"
EndProject
Project("{FAE04EC0-301F-11D3-BF4B-00C04F79EFBC}") = "Tyuiu.Kucherenkonm.Sprint5.Task2.V14.Lib", "Tyuiu.Kucherenkonm.Sprint5.Task2.V14.Lib\Tyuiu.Kucherenkonm.Sprint5.Task2.V14.Lib.csproj", "{2A0A558F-9478-4DEB-9C3A-B7255FDFB44D}"
EndProject
Project("{2150E333-8FDC-42A3-9474-1A3956D46DE8}") = "Task3", "Task3", "{C7459A37-A399-41C0-A393-7F9C7C111BB2}"
EndProject
Project("{FAE04EC0-301F-11D3-BF4B-00C04F79EFBC}") = "Tyuiu.Kucherenkonm.Sprint5.Task3.V14", "Tyuiu.Kucherenkonm.Sprint5.Task3.V14\Tyuiu.Kucherenkonm.Sprint5.Task3.V14.csproj", "{0CE0B971-EFC8-42E1-BD1A-3950AA54030B}"
EndProject
Project("{FAE04EC0-301F-11D3-BF4B-00C04F79EFBC}") = "Tyuiu.Kucherenkonm.Sprint5.Task3.V14.Lib", "Tyuiu.Kucherenkonm.Sprint5.Task3.V14.Lib\Tyuiu.Kucherenkonm.Sprint5.Task3.V14.Lib.csproj", "{B84080CD-205F-42F0-A93A-B2C20EE51F07}"
EndProject
Project("{FAE04EC0-301F-11D3-BF4B-00C04F79EFBC}") = "Tyuiu.Kucherenkonm.Sprint5.Task3.V14.Test", "Tyuiu.Kucherenkonm.Sprint5.Task3.V14.Test\Tyuiu.Kucherenkonm.Sprint5.Task3.V14.Test.csproj", "{408A47C6-4ABF-495D-B2C4-9DB4017CD437}"
EndProject
Project("{2150E333-8FDC-42A3-9474-1A3956D46DE8}") = "Task4", "Task4", "{1E9F4103-F75B-4C9D-8FA2-7C00F9A017C8}"
EndProject
Project("{FAE04EC0-301F-11D3-BF4B-00C04F79EFBC}") = "Tyuiu.Kucherenkonm.Sprint5.Task4.V24", "Tyuiu.Kucherenkonm.Sprint5.Task4.V24\Tyuiu.Kucherenkonm.Sprint5.Task4.V24.csproj", "{CBEC6E9C-F8D2-4670-B9DB-B26E54F93791}"
EndProject
Project("{FAE04EC0-301F-11D3-BF4B-00C04F79EFBC}") = "Tyuiu.Kucherenkonm.Sprint5.Task4.V24.Lib", "Tyuiu.Kucherenkonm.Sprint5.Task4.V24.Lib\Tyuiu.Kucherenkonm.Sprint5.Task4.V24.Lib.csproj", "{E2F55944-0DB5-442F-9B2E-D4E70CB9889E}"
EndProject
Project("{FAE04EC0-301F-11D3-BF4B-00C04F79EFBC}") = "Tyuiu.Kucherenkonm.Sprint5.Task4.V24.Test", "Tyuiu.Kucherenkonm.Sprint5.Task4.V24.Test\Tyuiu.Kucherenkonm.Sprint5.Task4.V24.Test.csproj", "{322E7CBC-AA6C-4CBC-A470-E996EE99A44C}"
EndProject
Global
	GlobalSection(SolutionConfigurationPlatforms) = preSolution
		Debug|Any CPU = Debug|Any CPU
		Release|Any CPU = Release|Any CPU
	EndGlobalSection
	GlobalSection(ProjectConfigurationPlatforms) = postSolution
		{C79AD330-F864-4BEA-8845-D0021E5D65F1}.Debug|Any CPU.ActiveCfg = Debug|Any CPU
		{C79AD330-F864-4BEA-8845-D0021E5D65F1}.Debug|Any CPU.Build.0 = Debug|Any CPU
		{C79AD330-F864-4BEA-8845-D0021E5D65F1}.Release|Any CPU.ActiveCfg = Release|Any CPU
		{C79AD330-F864-4BEA-8845-D0021E5D65F1}.Release|Any CPU.Build.0 = Release|Any CPU
		{22DCE8C0-9D79-4001-9B3D-0CD65034D24E}.Debug|Any CPU.ActiveCfg = Debug|Any CPU
		{22DCE8C0-9D79-4001-9B3D-0CD65034D24E}.Debug|Any CPU.Build.0 = Debug|Any CPU
		{22DCE8C0-9D79-4001-9B3D-0CD65034D24E}.Release|Any CPU.ActiveCfg = Release|Any CPU
		{22DCE8C0-9D79-4001-9B3D-0CD65034D24E}.Release|Any CPU.Build.0 = Release|Any CPU
		{DD3A9AA9-DD1B-4CE4-8514-A8DA32D5F806}.Debug|Any CPU.ActiveCfg = Debug|Any CPU
		{DD3A9AA9-DD1B-4CE4-8514-A8DA32D5F806}.Debug|Any CPU.Build.0 = Debug|Any CPU
		{DD3A9AA9-DD1B-4CE4-8514-A8DA32D5F806}.Release|Any CPU.ActiveCfg = Release|Any CPU
		{DD3A9AA9-DD1B-4CE4-8514-A8DA32D5F806}.Release|Any CPU.Build.0 = Release|Any CPU
		{BCDFFEF7-07B2-4333-BAC6-747A79ADC866}.Debug|Any CPU.ActiveCfg = Debug|Any CPU
		{BCDFFEF7-07B2-4333-BAC6-747A79ADC866}.Debug|Any CPU.Build.0 = Debug|Any CPU
		{BCDFFEF7-07B2-4333-BAC6-747A79ADC866}.Release|Any CPU.ActiveCfg = Release|Any CPU
		{BCDFFEF7-07B2-4333-BAC6-747A79ADC866}.Release|Any CPU.Build.0 = Release|Any CPU
		{C43574BB-6360-44A3-B8DF-2A1F6AC103D7}.Debug|Any CPU.ActiveCfg = Debug|Any CPU
		{C43574BB-6360-44A3-B8DF-2A1F6AC103D7}.Debug|Any CPU.Build.0 = Debug|Any CPU
		{C43574BB-6360-44A3-B8DF-2A1F6AC103D7}.Release|Any CPU.ActiveCfg = Release|Any CPU
		{C43574BB-6360-44A3-B8DF-2A1F6AC103D7}.Release|Any CPU.Build.0 = Release|Any CPU
		{79337926-AA7F-416B-A00B-9E659658B185}.Debug|Any CPU.ActiveCfg = Debug|Any CPU
		{79337926-AA7F-416B-A00B-9E659658B185}.Debug|Any CPU.Build.0 = Debug|Any CPU
		{79337926-AA7F-416B-A00B-9E659658B185}.Release|Any CPU.ActiveCfg = Release|Any CPU
		{79337926-AA7F-416B-A00B-9E659658B185}.Release|Any CPU.Build.0 = Release|Any CPU
		{F8EDF4C5-786C-400A-97B5-A46ADF5B7000}.Debug|Any CPU.ActiveCfg = Debug|Any CPU
		{F8EDF4C5-786C-400A-97B5-A46ADF5B7000}.Debug|Any CPU.Build.0 = Debug|Any CPU
		{F8EDF4C5-786C-400A-97B5-A46ADF5B7000}.Release|Any CPU.ActiveCfg = Release|Any CPU
		{F8EDF4C5-786C-400A-97B5-A46ADF5B7000}.Release|Any CPU.Build.0 = Release|Any CPU
		{D92B4BA5-366A-435E-909F-9C045FF09CB8}.Debug|Any CPU.ActiveCfg = Debug|Any CPU
		{D92B4BA5-366A-435E-909F-9C045FF09CB8}.Debug|Any CPU.Build.0 = Debug|Any CPU
		{D92B4BA5-366A-435E-909F-9C045FF09CB8}.Release|Any CPU.ActiveCfg = Release|Any CPU
		{D92B4BA5-366A-435E-909F-9C045FF09CB8}.Release|Any CPU.Build.0 = Release|Any CPU
		{2A0A558F-9478-4DEB-9C3A-B7255FDFB44D}.Debug|Any CPU.ActiveCfg = Debug|Any CPU
		{2A0A558F-9478-4DEB-9C3A-B7255FDFB44D}.Debug|Any CPU.Build.0 = Debug|Any CPU
		{2A0A558F-9478-4DEB-9C3A-B7255FDFB44D}.Release|Any CPU.ActiveCfg = Release|Any CPU
		{2A0A558F-9478-4DEB-9C3A-B7255FDFB44D}.Release|Any CPU.Build.0 = Release|Any CPU
		{0CE0B971-EFC8-42E1-BD1A-3950AA54030B}.Debug|Any CPU.ActiveCfg = Debug|Any CPU
		{0CE0B971-EFC8-42E1-BD1A-3950AA54030B}.Debug|Any CPU.Build.0 = Debug|Any CPU
		{0CE0B971-EFC8-42E1-BD1A-3950AA54030B}.Release|Any CPU.ActiveCfg = Release|Any CPU
		{0CE0B971-EFC8-42E1-BD1A-3950AA54030B}.Release|Any CPU.Build.0 = Release|Any CPU
		{B84080CD-205F-42F0-A93A-B2C20EE51F07}.Debug|Any CPU.ActiveCfg = Debug|Any CPU
		{B84080CD-205F-42F0-A93A-B2C20EE51F07}.Debug|Any CPU.Build.0 = Debug|Any CPU
		{B84080CD-205F-42F0-A93A-B2C20EE51F07}.Release|Any CPU.ActiveCfg = Release|Any CPU
		{B84080CD-205F-42F0-A93A-B2C20EE51F07}.Release|Any CPU.Build.0 = Release|Any CPU
		{408A47C6-4ABF-495D-B2C4-9DB4017CD437}.Debug|Any CPU.ActiveCfg = Debug|Any CPU
		{408A47C6-4ABF-495D-B2C4-9DB4017CD437}.Debug|Any CPU.Build.0 = Debug|Any CPU
		{408A47C6-4ABF-495D-B2C4-9DB4017CD437}.Release|Any CPU.ActiveCfg = Release|Any CPU
		{408A47C6-4ABF-495D-B2C4-9DB4017CD437}.Release|Any CPU.Build.0 = Release|Any CPU
		{CBEC6E9C-F8D2-4670-B9DB-B26E54F93791}.Debug|Any CPU.ActiveCfg = Debug|Any CPU
		{CBEC6E9C-F8D2-4670-B9DB-B26E54F93791}.Debug|Any CPU.Build.0 = Debug|Any CPU
		{CBEC6E9C-F8D2-4670-B9DB-B26E54F93791}.Release|Any CPU.ActiveCfg = Release|Any CPU
		{CBEC6E9C-F8D2-4670-B9DB-B26E54F93791}.Release|Any CPU.Build.0 = Release|Any CPU
		{E2F55944-0DB5-442F-9B2E-D4E70CB9889E}.Debug|Any CPU.ActiveCfg = Debug|Any CPU
		{E2F55944-0DB5-442F-9B2E-D4E70CB9889E}.Debug|Any CPU.Build.0 = Debug|Any CPU
		{E2F55944-0DB5-442F-9B2E-D4E70CB9889E}.Release|Any CPU.ActiveCfg = Release|Any CPU
		{E2F55944-0DB5-442F-9B2E-D4E70CB9889E}.Release|Any CPU.Build.0 = Release|Any CPU
		{322E7CBC-AA6C-4CBC-A470-E996EE99A44C}.Debug|Any CPU.ActiveCfg = Debug|Any CPU
		{322E7CBC-AA6C-4CBC-A470-E996EE99A44C}.Debug|Any CPU.Build.0 = Debug|Any CPU
		{322E7CBC-AA6C-4CBC-A470-E996EE99A44C}.Release|Any CPU.ActiveCfg = Release|Any CPU
		{322E7CBC-AA6C-4CBC-A470-E996EE99A44C}.Release|Any CPU.Build.0 = Release|Any CPU
	EndGlobalSection
	GlobalSection(SolutionProperties) = preSolution
		HideSolutionNode = FALSE
	EndGlobalSection
	GlobalSection(NestedProjects) = preSolution
		{C79AD330-F864-4BEA-8845-D0021E5D65F1} = {02EA681E-C7D8-13C7-8484-4AC65E1B71E8}
		{22DCE8C0-9D79-4001-9B3D-0CD65034D24E} = {02EA681E-C7D8-13C7-8484-4AC65E1B71E8}
		{DD3A9AA9-DD1B-4CE4-8514-A8DA32D5F806} = {02EA681E-C7D8-13C7-8484-4AC65E1B71E8}
		{BCDFFEF7-07B2-4333-BAC6-747A79ADC866} = {C6F6BD90-AA63-486F-8EDA-3CC8EC3F856A}
		{C43574BB-6360-44A3-B8DF-2A1F6AC103D7} = {C6F6BD90-AA63-486F-8EDA-3CC8EC3F856A}
		{79337926-AA7F-416B-A00B-9E659658B185} = {C6F6BD90-AA63-486F-8EDA-3CC8EC3F856A}
		{F8EDF4C5-786C-400A-97B5-A46ADF5B7000} = {0F38B2D1-9CEA-4C14-B252-5A5750C4FDB9}
		{D92B4BA5-366A-435E-909F-9C045FF09CB8} = {0F38B2D1-9CEA-4C14-B252-5A5750C4FDB9}
		{2A0A558F-9478-4DEB-9C3A-B7255FDFB44D} = {0F38B2D1-9CEA-4C14-B252-5A5750C4FDB9}
		{0CE0B971-EFC8-42E1-BD1A-3950AA54030B} = {C7459A37-A399-41C0-A393-7F9C7C111BB2}
		{B84080CD-205F-42F0-A93A-B2C20EE51F07} = {C7459A37-A399-41C0-A393-7F9C7C111BB2}
		{408A47C6-4ABF-495D-B2C4-9DB4017CD437} = {C7459A37-A399-41C0-A393-7F9C7C111BB2}
		{CBEC6E9C-F8D2-4670-B9DB-B26E54F93791} = {1E9F4103-F75B-4C9D-8FA2-7C00F9A017C8}
		{E2F55944-0DB5-442F-9B2E-D4E70CB9889E} = {1E9F4103-F75B-4C9D-8FA2-7C00F9A017C8}
		{322E7CBC-AA6C-4CBC-A470-E996EE99A44C} = {1E9F4103-F75B-4C9D-8FA2-7C00F9A017C8}
	EndGlobalSection
	GlobalSection(ExtensibilityGlobals) = postSolution
		SolutionGuid = {B71F4B9B-37B2-4F23-9300-320A995412E6}
	EndGlobalSection
EndGlobal
